
Microsoft Visual Studio Solution File, Format Version 12.00
# Visual Studio Version 17
VisualStudioVersion = 17.3.32922.545
MinimumVisualStudioVersion = 10.0.40219.1
Project("{9A19103F-16F7-4668-BE54-9A1E7A4F7556}") = "Logbook", "Lobook\Logbook.csproj", "{30355A94-3ACA-4675-8F71-771A1FEDA35F}"
EndProject
Global
	GlobalSection(SolutionConfigurationPlatforms) = preSolution
		Debug|Any CPU = Debug|Any CPU
		Release|Any CPU = Release|Any CPU
	EndGlobalSection
	GlobalSection(ProjectConfigurationPlatforms) = postSolution
		{30355A94-3ACA-4675-8F71-771A1FEDA35F}.Debug|Any CPU.ActiveCfg = Debug|Any CPU
		{30355A94-3ACA-4675-8F71-771A1FEDA35F}.Debug|Any CPU.Build.0 = Debug|Any CPU
		{30355A94-3ACA-4675-8F71-771A1FEDA35F}.Release|Any CPU.ActiveCfg = Release|Any CPU
		{30355A94-3ACA-4675-8F71-771A1FEDA35F}.Release|Any CPU.Build.0 = Release|Any CPU
	EndGlobalSection
	GlobalSection(SolutionProperties) = preSolution
		HideSolutionNode = FALSE
	EndGlobalSection
	GlobalSection(ExtensibilityGlobals) = postSolution
		SolutionGuid = {F2B3B248-A555-4A2D-9849-360CAE32659D}
	EndGlobalSection
EndGlobal
